dependencies:
- name: mysql
  repository: https://charts.bitnami.com/bitnami
  version: 9.7.1
- name: phpmyadmin
  repository: https://charts.bitnami.com/bitnami
  version: 10.4.6
- name: redis
  repository: https://charts.bitnami.com/bitnami
  version: 17.9.3
digest: sha256:03791b46c47e1b472213bab10f6e2b1a17752a851b5dd7fe0a45edc04723ca2a
generated: "2023-04-12T13:14:22.75101+03:00"
