dependencies:
- name: dotnetapp
  repository: file://../dotnetapp
  version: 0.1.0
- name: dotnetapp
  repository: file://../dotnetapp
  version: 0.1.0
- name: dotnetapp
  repository: file://../dotnetapp
  version: 0.1.0
digest: sha256:e68d2e0ad76e04e62b9052055fcae05b889156af51cc730ef5322ab71ccf73d1
generated: "2022-06-09T12:31:32.644893+03:00"
