dependencies:
- name: webapp
  repository: file://../webapp
  version: 0.2.1
- name: webapp
  repository: file://../webapp
  version: 0.2.1
- name: webapp
  repository: file://../webapp
  version: 0.2.1
digest: sha256:db251c2b96dddd61828e77e7c7cc1b7f66415475d1ba8859bb8a41454918991b
generated: "2023-04-20T21:34:25.296462+03:00"
