dependencies:
- name: webapp
  repository: file://../webapp
  version: 0.1.0
- name: webapp
  repository: file://../webapp
  version: 0.1.0
- name: webapp
  repository: file://../webapp
  version: 0.1.0
digest: sha256:d379fea11d030b2540f33bfc17dd089940d531381ffc887c2d0f67d863062685
generated: "2023-03-26T19:30:59.530932+03:00"
