dependencies:
- name: cert-manager
  repository: https://charts.jetstack.io
  version: v1.11.0
- name: mysql-operator
  repository: https://mysql.github.io/mysql-operator
  version: 2.0.9
- name: mysql-innodbcluster
  repository: https://mysql.github.io/mysql-operator
  version: 2.0.9
- name: phpmyadmin
  repository: https://charts.bitnami.com/bitnami
  version: 11.0.0
- name: redis
  repository: https://charts.bitnami.com/bitnami
  version: 17.9.3
- name: elasticsearch
  repository: https://helm.elastic.co
  version: 7.17.3
- name: kibana
  repository: https://helm.elastic.co
  version: 7.17.3
- name: vector
  repository: https://helm.vector.dev
  version: 0.20.1
- name: ingress-nginx
  repository: https://kubernetes.github.io/ingress-nginx
  version: 4.6.0
- name: outofschool
  repository: file://../webapp
  version: 1.0.1
digest: sha256:e21e0f3479c0ad1d16e5cedcdc3490268b22d35fbf302c5d3c6d58218af46287
generated: "2023-05-04T18:49:48.673769+03:00"
