dependencies:
- name: cert-manager
  repository: https://charts.jetstack.io
  version: v1.11.0
- name: mysql
  repository: https://charts.bitnami.com/bitnami
  version: 9.7.1
- name: phpmyadmin
  repository: https://charts.bitnami.com/bitnami
  version: 10.4.6
- name: redis
  repository: https://charts.bitnami.com/bitnami
  version: 17.9.3
- name: elasticsearch
  repository: https://helm.elastic.co
  version: 7.17.3
- name: kibana
  repository: https://helm.elastic.co
  version: 7.17.3
- name: vector
  repository: https://helm.vector.dev
  version: 0.20.1
- name: ingress-nginx
  repository: https://kubernetes.github.io/ingress-nginx
  version: 4.3.0
digest: sha256:f636bb1f570f9e7ff3d0a0e9724c9bdff256b41f78a01868df5bde3ac9271224
generated: "2023-04-14T12:24:51.374995+03:00"
