dependencies:
- name: cert-manager
  repository: https://charts.jetstack.io
  version: v1.11.0
- name: mysql-operator
  repository: https://mysql.github.io/mysql-operator
  version: 2.0.9
- name: mysql-innodbcluster
  repository: https://mysql.github.io/mysql-operator
  version: 2.0.9
- name: phpmyadmin
  repository: https://charts.bitnami.com/bitnami
  version: 11.0.0
- name: redis
  repository: https://charts.bitnami.com/bitnami
  version: 17.9.3
- name: elasticsearch
  repository: https://helm.elastic.co
  version: 7.17.3
- name: kibana
  repository: https://helm.elastic.co
  version: 7.17.3
- name: vector
  repository: https://helm.vector.dev
  version: 0.20.1
- name: ingress-nginx
  repository: https://kubernetes.github.io/ingress-nginx
  version: 4.6.0
- name: outofschool
  repository: file://../webapp
  version: 1.0.3
digest: sha256:908f7822611318f7a97757e57edf545483735805e3712ca5260bf14cd3dd4a62
generated: "2023-05-05T10:07:04.589331+03:00"
