
Microsoft Visual Studio Solution File, Format Version 12.00
# Visual Studio Version 16
VisualStudioVersion = 16.0.30011.22
MinimumVisualStudioVersion = 10.0.40219.1
Project("{9A19103F-16F7-4668-BE54-9A1E7A4F7556}") = "OutOfSchool.WebApi", "OutOfSchool.WebApi\OutOfSchool.WebApi.csproj", "{CD28DCB5-C0F3-4011-B56C-AD2BCF795F72}"
EndProject
Project("{9A19103F-16F7-4668-BE54-9A1E7A4F7556}") = "OutOfSchool.DataAccess", "OutOfSchool.DataAccess\OutOfSchool.DataAccess.csproj", "{4DBB87B9-8B99-4A06-A623-0B852F054543}"
EndProject
Project("{2150E333-8FDC-42A3-9474-1A3956D46DE8}") = "Solution Items", "Solution Items", "{4354D271-F117-47CD-BFDD-9785F584D833}"
	ProjectSection(SolutionItems) = preProject
		.editorconfig = .editorconfig
		StyleCopAnalyzersDefault.ruleset = StyleCopAnalyzersDefault.ruleset
	EndProjectSection
EndProject
Project("{9A19103F-16F7-4668-BE54-9A1E7A4F7556}") = "OutOfSchool.IdentityServer.Tests", "OutOfSchool.IdentityServer.Tests\OutOfSchool.IdentityServer.Tests.csproj", "{5C959505-9BD1-4829-80CC-5C6392E364EA}"
EndProject
Project("{9A19103F-16F7-4668-BE54-9A1E7A4F7556}") = "OutOfSchool.WebApi.Tests", "OutOfSchool.WebApi.Tests\OutOfSchool.WebApi.Tests.csproj", "{858FFC94-4A9B-4A91-917E-F672455F1B32}"
EndProject
Project("{9A19103F-16F7-4668-BE54-9A1E7A4F7556}") = "OutOfSchool.IdentityServer", "OutOfSchool.IdentityServer\OutOfSchool.IdentityServer.csproj", "{B59E4559-57B7-4AD9-BA1E-3ED48D340357}"
EndProject
Global
	GlobalSection(SolutionConfigurationPlatforms) = preSolution
		Debug|Any CPU = Debug|Any CPU
		Release|Any CPU = Release|Any CPU
	EndGlobalSection
	GlobalSection(ProjectConfigurationPlatforms) = postSolution
		{CD28DCB5-C0F3-4011-B56C-AD2BCF795F72}.Debug|Any CPU.ActiveCfg = Debug|Any CPU
		{CD28DCB5-C0F3-4011-B56C-AD2BCF795F72}.Debug|Any CPU.Build.0 = Debug|Any CPU
		{CD28DCB5-C0F3-4011-B56C-AD2BCF795F72}.Release|Any CPU.ActiveCfg = Release|Any CPU
		{CD28DCB5-C0F3-4011-B56C-AD2BCF795F72}.Release|Any CPU.Build.0 = Release|Any CPU
		{4DBB87B9-8B99-4A06-A623-0B852F054543}.Debug|Any CPU.ActiveCfg = Debug|Any CPU
		{4DBB87B9-8B99-4A06-A623-0B852F054543}.Debug|Any CPU.Build.0 = Debug|Any CPU
		{4DBB87B9-8B99-4A06-A623-0B852F054543}.Release|Any CPU.ActiveCfg = Release|Any CPU
		{4DBB87B9-8B99-4A06-A623-0B852F054543}.Release|Any CPU.Build.0 = Release|Any CPU
		{5C959505-9BD1-4829-80CC-5C6392E364EA}.Debug|Any CPU.ActiveCfg = Debug|Any CPU
		{5C959505-9BD1-4829-80CC-5C6392E364EA}.Debug|Any CPU.Build.0 = Debug|Any CPU
		{5C959505-9BD1-4829-80CC-5C6392E364EA}.Release|Any CPU.ActiveCfg = Release|Any CPU
		{5C959505-9BD1-4829-80CC-5C6392E364EA}.Release|Any CPU.Build.0 = Release|Any CPU
		{858FFC94-4A9B-4A91-917E-F672455F1B32}.Debug|Any CPU.ActiveCfg = Debug|Any CPU
		{858FFC94-4A9B-4A91-917E-F672455F1B32}.Debug|Any CPU.Build.0 = Debug|Any CPU
		{858FFC94-4A9B-4A91-917E-F672455F1B32}.Release|Any CPU.ActiveCfg = Release|Any CPU
		{858FFC94-4A9B-4A91-917E-F672455F1B32}.Release|Any CPU.Build.0 = Release|Any CPU
		{B59E4559-57B7-4AD9-BA1E-3ED48D340357}.Debug|Any CPU.ActiveCfg = Debug|Any CPU
		{B59E4559-57B7-4AD9-BA1E-3ED48D340357}.Debug|Any CPU.Build.0 = Debug|Any CPU
		{B59E4559-57B7-4AD9-BA1E-3ED48D340357}.Release|Any CPU.ActiveCfg = Release|Any CPU
		{B59E4559-57B7-4AD9-BA1E-3ED48D340357}.Release|Any CPU.Build.0 = Release|Any CPU
	EndGlobalSection
	GlobalSection(SolutionProperties) = preSolution
		HideSolutionNode = FALSE
	EndGlobalSection
	GlobalSection(ExtensibilityGlobals) = postSolution
		SolutionGuid = {759AF463-9F34-412E-9FC1-7B3894D79E59}
	EndGlobalSection
EndGlobal
